
Microsoft Visual Studio Solution File, Format Version 12.00
# Visual Studio Version 17
VisualStudioVersion = 17.0.31903.59
MinimumVisualStudioVersion = 10.0.40219.1
Project("{2150E333-8FDC-42A3-9474-1A3956D46DE8}") = "shared", "shared", "{4F52FD11-658E-A102-6CD3-7D7C16FFA15B}"
EndProject
Project("{FAE04EC0-301F-11D3-BF4B-00C04F79EFBC}") = "NextHappen.Contracts", "shared\NextHappen.Contracts\NextHappen.Contracts.csproj", "{736826F2-F175-4B05-A59A-ECDE2632925C}"
EndProject
Project("{2150E333-8FDC-42A3-9474-1A3956D46DE8}") = "services", "services", "{5854FF58-B8C5-05C6-5BF2-ACE42193F22B}"
EndProject
Project("{2150E333-8FDC-42A3-9474-1A3956D46DE8}") = "iam-service", "iam-service", "{5E4A58AB-8978-C38F-0D67-01125342BBF7}"
EndProject
Project("{FAE04EC0-301F-11D3-BF4B-00C04F79EFBC}") = "NextHappen.IAM", "services\iam-service\NextHappen.IAM.csproj", "{085AE40D-D413-486F-9BD8-8B67D5FEE766}"
EndProject
Project("{FAE04EC0-301F-11D3-BF4B-00C04F79EFBC}") = "nexthappen-backend", "nexthappen-backend\nexthappen-backend.csproj", "{A6E7B9D3-820B-4E1E-B41F-F3591F73A3EF}"
EndProject
Project("{2150E333-8FDC-42A3-9474-1A3956D46DE8}") = "event-service", "event-service", "{751181BC-5A9F-5486-0145-0CE478EF142B}"
EndProject
Project("{FAE04EC0-301F-11D3-BF4B-00C04F79EFBC}") = "NextHappen.Event", "services\event-service\NextHappen.Event.csproj", "{A90C5F7E-EF1E-4AE8-ADE8-72129F6C02B4}"
EndProject
Project("{2150E333-8FDC-42A3-9474-1A3956D46DE8}") = "ticket-service", "ticket-service", "{4BF11F32-32AC-0C5B-64D0-D1BB48FA9B1F}"
EndProject
Project("{FAE04EC0-301F-11D3-BF4B-00C04F79EFBC}") = "NextHappen.Ticket", "services\ticket-service\NextHappen.Ticket.csproj", "{A3417299-2B15-44A1-8D16-C76ABEFF63AC}"
EndProject
Project("{FAE04EC0-301F-11D3-BF4B-00C04F79EFBC}") = "NextHappen.Engagement", "services\engagement-service\NextHappen.Engagement.csproj", "{D042E147-2565-4D7F-B1F0-52EAFAA52BE1}"
EndProject
Project("{FAE04EC0-301F-11D3-BF4B-00C04F79EFBC}") = "NextHappen.Notification", "services\notification-service\NextHappen.Notification.csproj", "{31B19EAF-DAAA-4D91-A5FC-DC6A6933B45A}"
EndProject
Project("{2150E333-8FDC-42A3-9474-1A3956D46DE8}") = "gateway", "gateway", "{E7BDDBC6-9FD1-D1D7-ACD8-2C4F8E3D2461}"
EndProject
Project("{2150E333-8FDC-42A3-9474-1A3956D46DE8}") = "api-gateway", "api-gateway", "{0B064278-58D1-C92D-456E-D8A429827ADD}"
EndProject
Project("{FAE04EC0-301F-11D3-BF4B-00C04F79EFBC}") = "NextHappen.Gateway", "gateway\api-gateway\NextHappen.Gateway.csproj", "{7D94500A-57DE-44C9-B3D0-6058951D0011}"
EndProject
Global
	GlobalSection(SolutionConfigurationPlatforms) = preSolution
		Debug|Any CPU = Debug|Any CPU
		Debug|x64 = Debug|x64
		Debug|x86 = Debug|x86
		Release|Any CPU = Release|Any CPU
		Release|x64 = Release|x64
		Release|x86 = Release|x86
	EndGlobalSection
	GlobalSection(ProjectConfigurationPlatforms) = postSolution
		{736826F2-F175-4B05-A59A-ECDE2632925C}.Debug|Any CPU.ActiveCfg = Debug|Any CPU
		{736826F2-F175-4B05-A59A-ECDE2632925C}.Debug|Any CPU.Build.0 = Debug|Any CPU
		{736826F2-F175-4B05-A59A-ECDE2632925C}.Debug|x64.ActiveCfg = Debug|Any CPU
		{736826F2-F175-4B05-A59A-ECDE2632925C}.Debug|x64.Build.0 = Debug|Any CPU
		{736826F2-F175-4B05-A59A-ECDE2632925C}.Debug|x86.ActiveCfg = Debug|Any CPU
		{736826F2-F175-4B05-A59A-ECDE2632925C}.Debug|x86.Build.0 = Debug|Any CPU
		{736826F2-F175-4B05-A59A-ECDE2632925C}.Release|Any CPU.ActiveCfg = Release|Any CPU
		{736826F2-F175-4B05-A59A-ECDE2632925C}.Release|Any CPU.Build.0 = Release|Any CPU
		{736826F2-F175-4B05-A59A-ECDE2632925C}.Release|x64.ActiveCfg = Release|Any CPU
		{736826F2-F175-4B05-A59A-ECDE2632925C}.Release|x64.Build.0 = Release|Any CPU
		{736826F2-F175-4B05-A59A-ECDE2632925C}.Release|x86.ActiveCfg = Release|Any CPU
		{736826F2-F175-4B05-A59A-ECDE2632925C}.Release|x86.Build.0 = Release|Any CPU
		{085AE40D-D413-486F-9BD8-8B67D5FEE766}.Debug|Any CPU.ActiveCfg = Debug|Any CPU
		{085AE40D-D413-486F-9BD8-8B67D5FEE766}.Debug|Any CPU.Build.0 = Debug|Any CPU
		{085AE40D-D413-486F-9BD8-8B67D5FEE766}.Debug|x64.ActiveCfg = Debug|Any CPU
		{085AE40D-D413-486F-9BD8-8B67D5FEE766}.Debug|x64.Build.0 = Debug|Any CPU
		{085AE40D-D413-486F-9BD8-8B67D5FEE766}.Debug|x86.ActiveCfg = Debug|Any CPU
		{085AE40D-D413-486F-9BD8-8B67D5FEE766}.Debug|x86.Build.0 = Debug|Any CPU
		{085AE40D-D413-486F-9BD8-8B67D5FEE766}.Release|Any CPU.ActiveCfg = Release|Any CPU
		{085AE40D-D413-486F-9BD8-8B67D5FEE766}.Release|Any CPU.Build.0 = Release|Any CPU
		{085AE40D-D413-486F-9BD8-8B67D5FEE766}.Release|x64.ActiveCfg = Release|Any CPU
		{085AE40D-D413-486F-9BD8-8B67D5FEE766}.Release|x64.Build.0 = Release|Any CPU
		{085AE40D-D413-486F-9BD8-8B67D5FEE766}.Release|x86.ActiveCfg = Release|Any CPU
		{085AE40D-D413-486F-9BD8-8B67D5FEE766}.Release|x86.Build.0 = Release|Any CPU
		{A6E7B9D3-820B-4E1E-B41F-F3591F73A3EF}.Debug|Any CPU.ActiveCfg = Debug|Any CPU
		{A6E7B9D3-820B-4E1E-B41F-F3591F73A3EF}.Debug|Any CPU.Build.0 = Debug|Any CPU
		{A6E7B9D3-820B-4E1E-B41F-F3591F73A3EF}.Debug|x64.ActiveCfg = Debug|Any CPU
		{A6E7B9D3-820B-4E1E-B41F-F3591F73A3EF}.Debug|x64.Build.0 = Debug|Any CPU
		{A6E7B9D3-820B-4E1E-B41F-F3591F73A3EF}.Debug|x86.ActiveCfg = Debug|Any CPU
		{A6E7B9D3-820B-4E1E-B41F-F3591F73A3EF}.Debug|x86.Build.0 = Debug|Any CPU
		{A6E7B9D3-820B-4E1E-B41F-F3591F73A3EF}.Release|Any CPU.ActiveCfg = Release|Any CPU
		{A6E7B9D3-820B-4E1E-B41F-F3591F73A3EF}.Release|Any CPU.Build.0 = Release|Any CPU
		{A6E7B9D3-820B-4E1E-B41F-F3591F73A3EF}.Release|x64.ActiveCfg = Release|Any CPU
		{A6E7B9D3-820B-4E1E-B41F-F3591F73A3EF}.Release|x64.Build.0 = Release|Any CPU
		{A6E7B9D3-820B-4E1E-B41F-F3591F73A3EF}.Release|x86.ActiveCfg = Release|Any CPU
		{A6E7B9D3-820B-4E1E-B41F-F3591F73A3EF}.Release|x86.Build.0 = Release|Any CPU
		{A90C5F7E-EF1E-4AE8-ADE8-72129F6C02B4}.Debug|Any CPU.ActiveCfg = Debug|Any CPU
		{A90C5F7E-EF1E-4AE8-ADE8-72129F6C02B4}.Debug|Any CPU.Build.0 = Debug|Any CPU
		{A90C5F7E-EF1E-4AE8-ADE8-72129F6C02B4}.Debug|x64.ActiveCfg = Debug|Any CPU
		{A90C5F7E-EF1E-4AE8-ADE8-72129F6C02B4}.Debug|x64.Build.0 = Debug|Any CPU
		{A90C5F7E-EF1E-4AE8-ADE8-72129F6C02B4}.Debug|x86.ActiveCfg = Debug|Any CPU
		{A90C5F7E-EF1E-4AE8-ADE8-72129F6C02B4}.Debug|x86.Build.0 = Debug|Any CPU
		{A90C5F7E-EF1E-4AE8-ADE8-72129F6C02B4}.Release|Any CPU.ActiveCfg = Release|Any CPU
		{A90C5F7E-EF1E-4AE8-ADE8-72129F6C02B4}.Release|Any CPU.Build.0 = Release|Any CPU
		{A90C5F7E-EF1E-4AE8-ADE8-72129F6C02B4}.Release|x64.ActiveCfg = Release|Any CPU
		{A90C5F7E-EF1E-4AE8-ADE8-72129F6C02B4}.Release|x64.Build.0 = Release|Any CPU
		{A90C5F7E-EF1E-4AE8-ADE8-72129F6C02B4}.Release|x86.ActiveCfg = Release|Any CPU
		{A90C5F7E-EF1E-4AE8-ADE8-72129F6C02B4}.Release|x86.Build.0 = Release|Any CPU
		{A3417299-2B15-44A1-8D16-C76ABEFF63AC}.Debug|Any CPU.ActiveCfg = Debug|Any CPU
		{A3417299-2B15-44A1-8D16-C76ABEFF63AC}.Debug|Any CPU.Build.0 = Debug|Any CPU
		{A3417299-2B15-44A1-8D16-C76ABEFF63AC}.Debug|x64.ActiveCfg = Debug|Any CPU
		{A3417299-2B15-44A1-8D16-C76ABEFF63AC}.Debug|x64.Build.0 = Debug|Any CPU
		{A3417299-2B15-44A1-8D16-C76ABEFF63AC}.Debug|x86.ActiveCfg = Debug|Any CPU
		{A3417299-2B15-44A1-8D16-C76ABEFF63AC}.Debug|x86.Build.0 = Debug|Any CPU
		{A3417299-2B15-44A1-8D16-C76ABEFF63AC}.Release|Any CPU.ActiveCfg = Release|Any CPU
		{A3417299-2B15-44A1-8D16-C76ABEFF63AC}.Release|Any CPU.Build.0 = Release|Any CPU
		{A3417299-2B15-44A1-8D16-C76ABEFF63AC}.Release|x64.ActiveCfg = Release|Any CPU
		{A3417299-2B15-44A1-8D16-C76ABEFF63AC}.Release|x64.Build.0 = Release|Any CPU
		{A3417299-2B15-44A1-8D16-C76ABEFF63AC}.Release|x86.ActiveCfg = Release|Any CPU
		{A3417299-2B15-44A1-8D16-C76ABEFF63AC}.Release|x86.Build.0 = Release|Any CPU
		{D042E147-2565-4D7F-B1F0-52EAFAA52BE1}.Debug|Any CPU.ActiveCfg = Debug|Any CPU
		{D042E147-2565-4D7F-B1F0-52EAFAA52BE1}.Debug|Any CPU.Build.0 = Debug|Any CPU
		{D042E147-2565-4D7F-B1F0-52EAFAA52BE1}.Debug|x64.ActiveCfg = Debug|Any CPU
		{D042E147-2565-4D7F-B1F0-52EAFAA52BE1}.Debug|x64.Build.0 = Debug|Any CPU
		{D042E147-2565-4D7F-B1F0-52EAFAA52BE1}.Debug|x86.ActiveCfg = Debug|Any CPU
		{D042E147-2565-4D7F-B1F0-52EAFAA52BE1}.Debug|x86.Build.0 = Debug|Any CPU
		{D042E147-2565-4D7F-B1F0-52EAFAA52BE1}.Release|Any CPU.ActiveCfg = Release|Any CPU
		{D042E147-2565-4D7F-B1F0-52EAFAA52BE1}.Release|Any CPU.Build.0 = Release|Any CPU
		{D042E147-2565-4D7F-B1F0-52EAFAA52BE1}.Release|x64.ActiveCfg = Release|Any CPU
		{D042E147-2565-4D7F-B1F0-52EAFAA52BE1}.Release|x64.Build.0 = Release|Any CPU
		{D042E147-2565-4D7F-B1F0-52EAFAA52BE1}.Release|x86.ActiveCfg = Release|Any CPU
		{D042E147-2565-4D7F-B1F0-52EAFAA52BE1}.Release|x86.Build.0 = Release|Any CPU
		{31B19EAF-DAAA-4D91-A5FC-DC6A6933B45A}.Debug|Any CPU.ActiveCfg = Debug|Any CPU
		{31B19EAF-DAAA-4D91-A5FC-DC6A6933B45A}.Debug|Any CPU.Build.0 = Debug|Any CPU
		{31B19EAF-DAAA-4D91-A5FC-DC6A6933B45A}.Debug|x64.ActiveCfg = Debug|Any CPU
		{31B19EAF-DAAA-4D91-A5FC-DC6A6933B45A}.Debug|x64.Build.0 = Debug|Any CPU
		{31B19EAF-DAAA-4D91-A5FC-DC6A6933B45A}.Debug|x86.ActiveCfg = Debug|Any CPU
		{31B19EAF-DAAA-4D91-A5FC-DC6A6933B45A}.Debug|x86.Build.0 = Debug|Any CPU
		{31B19EAF-DAAA-4D91-A5FC-DC6A6933B45A}.Release|Any CPU.ActiveCfg = Release|Any CPU
		{31B19EAF-DAAA-4D91-A5FC-DC6A6933B45A}.Release|Any CPU.Build.0 = Release|Any CPU
		{31B19EAF-DAAA-4D91-A5FC-DC6A6933B45A}.Release|x64.ActiveCfg = Release|Any CPU
		{31B19EAF-DAAA-4D91-A5FC-DC6A6933B45A}.Release|x64.Build.0 = Release|Any CPU
		{31B19EAF-DAAA-4D91-A5FC-DC6A6933B45A}.Release|x86.ActiveCfg = Release|Any CPU
		{31B19EAF-DAAA-4D91-A5FC-DC6A6933B45A}.Release|x86.Build.0 = Release|Any CPU
		{7D94500A-57DE-44C9-B3D0-6058951D0011}.Debug|Any CPU.ActiveCfg = Debug|Any CPU
		{7D94500A-57DE-44C9-B3D0-6058951D0011}.Debug|Any CPU.Build.0 = Debug|Any CPU
		{7D94500A-57DE-44C9-B3D0-6058951D0011}.Debug|x64.ActiveCfg = Debug|Any CPU
		{7D94500A-57DE-44C9-B3D0-6058951D0011}.Debug|x64.Build.0 = Debug|Any CPU
		{7D94500A-57DE-44C9-B3D0-6058951D0011}.Debug|x86.ActiveCfg = Debug|Any CPU
		{7D94500A-57DE-44C9-B3D0-6058951D0011}.Debug|x86.Build.0 = Debug|Any CPU
		{7D94500A-57DE-44C9-B3D0-6058951D0011}.Release|Any CPU.ActiveCfg = Release|Any CPU
		{7D94500A-57DE-44C9-B3D0-6058951D0011}.Release|Any CPU.Build.0 = Release|Any CPU
		{7D94500A-57DE-44C9-B3D0-6058951D0011}.Release|x64.ActiveCfg = Release|Any CPU
		{7D94500A-57DE-44C9-B3D0-6058951D0011}.Release|x64.Build.0 = Release|Any CPU
		{7D94500A-57DE-44C9-B3D0-6058951D0011}.Release|x86.ActiveCfg = Release|Any CPU
		{7D94500A-57DE-44C9-B3D0-6058951D0011}.Release|x86.Build.0 = Release|Any CPU
	EndGlobalSection
	GlobalSection(SolutionProperties) = preSolution
		HideSolutionNode = FALSE
	EndGlobalSection
	GlobalSection(NestedProjects) = preSolution
		{736826F2-F175-4B05-A59A-ECDE2632925C} = {4F52FD11-658E-A102-6CD3-7D7C16FFA15B}
		{5E4A58AB-8978-C38F-0D67-01125342BBF7} = {5854FF58-B8C5-05C6-5BF2-ACE42193F22B}
		{085AE40D-D413-486F-9BD8-8B67D5FEE766} = {5E4A58AB-8978-C38F-0D67-01125342BBF7}
		{751181BC-5A9F-5486-0145-0CE478EF142B} = {5854FF58-B8C5-05C6-5BF2-ACE42193F22B}
		{A90C5F7E-EF1E-4AE8-ADE8-72129F6C02B4} = {751181BC-5A9F-5486-0145-0CE478EF142B}
		{4BF11F32-32AC-0C5B-64D0-D1BB48FA9B1F} = {5854FF58-B8C5-05C6-5BF2-ACE42193F22B}
		{A3417299-2B15-44A1-8D16-C76ABEFF63AC} = {4BF11F32-32AC-0C5B-64D0-D1BB48FA9B1F}
		{D042E147-2565-4D7F-B1F0-52EAFAA52BE1} = {4BF11F32-32AC-0C5B-64D0-D1BB48FA9B1F}
		{31B19EAF-DAAA-4D91-A5FC-DC6A6933B45A} = {4BF11F32-32AC-0C5B-64D0-D1BB48FA9B1F}
		{0B064278-58D1-C92D-456E-D8A429827ADD} = {E7BDDBC6-9FD1-D1D7-ACD8-2C4F8E3D2461}
		{7D94500A-57DE-44C9-B3D0-6058951D0011} = {0B064278-58D1-C92D-456E-D8A429827ADD}
	EndGlobalSection
EndGlobal
